
Microsoft Visual Studio Solution File, Format Version 12.00
# Visual Studio Version 17
VisualStudioVersion = 17.8.34330.188
MinimumVisualStudioVersion = 10.0.40219.1
Project("{FAE04EC0-301F-11D3-BF4B-00C04F79EFBC}") = "FebSect4Prj", "FebSect4Prj\FebSect4Prj.csproj", "{4FBB4DE6-4540-4A22-8ED5-D6F319696B5C}"
EndProject
Global
	GlobalSection(SolutionConfigurationPlatforms) = preSolution
		Debug|Any CPU = Debug|Any CPU
		Release|Any CPU = Release|Any CPU
	EndGlobalSection
	GlobalSection(ProjectConfigurationPlatforms) = postSolution
		{4FBB4DE6-4540-4A22-8ED5-D6F319696B5C}.Debug|Any CPU.ActiveCfg = Debug|Any CPU
		{4FBB4DE6-4540-4A22-8ED5-D6F319696B5C}.Debug|Any CPU.Build.0 = Debug|Any CPU
		{4FBB4DE6-4540-4A22-8ED5-D6F319696B5C}.Release|Any CPU.ActiveCfg = Release|Any CPU
		{4FBB4DE6-4540-4A22-8ED5-D6F319696B5C}.Release|Any CPU.Build.0 = Release|Any CPU
	EndGlobalSection
	GlobalSection(SolutionProperties) = preSolution
		HideSolutionNode = FALSE
	EndGlobalSection
	GlobalSection(ExtensibilityGlobals) = postSolution
		SolutionGuid = {82722C2D-E319-4AAB-B2A0-36CD85712009}
	EndGlobalSection
EndGlobal
